// !$*UTF8*$!
{
	archiveVersion = 1;
	classes = {
	};
	objectVersion = 46;
	objects = {

/* Begin PBXBuildFile section */
		1BCFEF9E37F4B29008A649BC /* Pods_Snippet3.framework in Frameworks */ = {isa = PBXBuildFile; fileRef = 35E31032A84360C3A3085369 /* Pods_Snippet3.framework */; };
		D57772C61DA6657500E549B8 /* AppDelegate.swift in Sources */ = {isa = PBXBuildFile; fileRef = D57772C51DA6657500E549B8 /* AppDelegate.swift */; };
		D57772C81DA6657500E549B8 /* ViewController.swift in Sources */ = {isa = PBXBuildFile; fileRef = D57772C71DA6657500E549B8 /* ViewController.swift */; };
		D57772CB1DA6657500E549B8 /* Main.storyboard in Resources */ = {isa = PBXBuildFile; fileRef = D57772C91DA6657500E549B8 /* Main.storyboard */; };
		D57772CD1DA6657500E549B8 /* Assets.xcassets in Resources */ = {isa = PBXBuildFile; fileRef = D57772CC1DA6657500E549B8 /* Assets.xcassets */; };
		D57772D01DA6657500E549B8 /* LaunchScreen.storyboard in Resources */ = {isa = PBXBuildFile; fileRef = D57772CE1DA6657500E549B8 /* LaunchScreen.storyboard */; };
		D5A2CC931DA6684600ABAFB0 /* guides_ab-testing_integrating_ab_test.swift in Sources */ = {isa = PBXBuildFile; fileRef = D5A2CC4B1DA6684600ABAFB0 /* guides_ab-testing_integrating_ab_test.swift */; };
		D5A2CCDB1DA73CE100ABAFB0 /* guides_ios_managing-analytics_flex-analytics_analyze-application-data.swift in Sources */ = {isa = PBXBuildFile; fileRef = D5A2CC4C1DA6684600ABAFB0 /* guides_ios_managing-analytics_flex-analytics_analyze-application-data.swift */; };
		D5A2CCDC1DA73CF000ABAFB0 /* guides_ios_managing-analytics_flex-analytics_analyze-event-data.swift in Sources */ = {isa = PBXBuildFile; fileRef = D5A2CC4D1DA6684600ABAFB0 /* guides_ios_managing-analytics_flex-analytics_analyze-event-data.swift */; };
		D5A2CCDD1DA73D4900ABAFB0 /* guides_ios_managing-data_buckets_creating.swift in Sources */ = {isa = PBXBuildFile; fileRef = D5A2CC4E1DA6684600ABAFB0 /* guides_ios_managing-data_buckets_creating.swift */; };
		D5A2CCDE1DA73DCD00ABAFB0 /* guides_ios_managing-data_buckets_deleting.swift in Sources */ = {isa = PBXBuildFile; fileRef = D5A2CC4F1DA6684600ABAFB0 /* guides_ios_managing-data_buckets_deleting.swift */; };
		D5A2CCE21DA73E1400ABAFB0 /* guides_ios_managing-data_buckets_setting-acl.swift in Sources */ = {isa = PBXBuildFile; fileRef = D5A2CC501DA6684600ABAFB0 /* guides_ios_managing-data_buckets_setting-acl.swift */; };
		D5A2CCE41DA73F8000ABAFB0 /* guides_ios_managing-data_object-storages_countingobjects.swift in Sources */ = {isa = PBXBuildFile; fileRef = D5A2CC511DA6684600ABAFB0 /* guides_ios_managing-data_object-storages_countingobjects.swift */; };
		D5A2CCE51DA73F8000ABAFB0 /* guides_ios_managing-data_object-storages_creating.swift in Sources */ = {isa = PBXBuildFile; fileRef = D5A2CC521DA6684600ABAFB0 /* guides_ios_managing-data_object-storages_creating.swift */; };
		D5A2CCE61DA73F8000ABAFB0 /* guides_ios_managing-data_object-storages_deleting.swift in Sources */ = {isa = PBXBuildFile; fileRef = D5A2CC531DA6684600ABAFB0 /* guides_ios_managing-data_object-storages_deleting.swift */; };
		D5A2CCE71DA73F8000ABAFB0 /* guides_ios_managing-data_object-storages_deletingbody.swift in Sources */ = {isa = PBXBuildFile; fileRef = D5A2CC541DA6684600ABAFB0 /* guides_ios_managing-data_object-storages_deletingbody.swift */; };
		D5A2CCE81DA73F8000ABAFB0 /* guides_ios_managing-data_object-storages_downloading_resume.swift in Sources */ = {isa = PBXBuildFile; fileRef = D5A2CC551DA6684600ABAFB0 /* guides_ios_managing-data_object-storages_downloading_resume.swift */; };
		D5A2CCE91DA73F8000ABAFB0 /* guides_ios_managing-data_object-storages_downloading_suspend.swift in Sources */ = {isa = PBXBuildFile; fileRef = D5A2CC561DA6684600ABAFB0 /* guides_ios_managing-data_object-storages_downloading_suspend.swift */; };
		D5A2CCEA1DA73F8000ABAFB0 /* guides_ios_managing-data_object-storages_downloading_terminate.swift in Sources */ = {isa = PBXBuildFile; fileRef = D5A2CC571DA6684600ABAFB0 /* guides_ios_managing-data_object-storages_downloading_terminate.swift */; };
		D5A2CCEB1DA73F8000ABAFB0 /* guides_ios_managing-data_object-storages_downloading.swift in Sources */ = {isa = PBXBuildFile; fileRef = D5A2CC581DA6684600ABAFB0 /* guides_ios_managing-data_object-storages_downloading.swift */; };
		D5A2CCEC1DA73F8000ABAFB0 /* guides_ios_managing-data_object-storages_publishing.swift in Sources */ = {isa = PBXBuildFile; fileRef = D5A2CC591DA6684600ABAFB0 /* guides_ios_managing-data_object-storages_publishing.swift */; };
		D5A2CCED1DA73F8000ABAFB0 /* guides_ios_managing-data_object-storages_querying.swift in Sources */ = {isa = PBXBuildFile; fileRef = D5A2CC5A1DA6684600ABAFB0 /* guides_ios_managing-data_object-storages_querying.swift */; };
		D5A2CCEE1DA73F8000ABAFB0 /* guides_ios_managing-data_object-storages_retrieving.swift in Sources */ = {isa = PBXBuildFile; fileRef = D5A2CC5B1DA6684600ABAFB0 /* guides_ios_managing-data_object-storages_retrieving.swift */; };
		D5A2CCEF1DA73F8000ABAFB0 /* guides_ios_managing-data_object-storages_scoping.swift in Sources */ = {isa = PBXBuildFile; fileRef = D5A2CC5C1DA6684600ABAFB0 /* guides_ios_managing-data_object-storages_scoping.swift */; };
		D5A2CCF01DA73F8000ABAFB0 /* guides_ios_managing-data_object-storages_updating.swift in Sources */ = {isa = PBXBuildFile; fileRef = D5A2CC5D1DA6684600ABAFB0 /* guides_ios_managing-data_object-storages_updating.swift */; };
		D5A2CCF11DA73F8000ABAFB0 /* guides_ios_managing-data_object-storages_uploading_resume.swift in Sources */ = {isa = PBXBuildFile; fileRef = D5A2CC5E1DA6684600ABAFB0 /* guides_ios_managing-data_object-storages_uploading_resume.swift */; };
		D5A2CCF21DA73F8000ABAFB0 /* guides_ios_managing-data_object-storages_uploading_suspend.swift in Sources */ = {isa = PBXBuildFile; fileRef = D5A2CC5F1DA6684600ABAFB0 /* guides_ios_managing-data_object-storages_uploading_suspend.swift */; };
		D5A2CCF31DA73F8000ABAFB0 /* guides_ios_managing-data_object-storages_uploading_terminate.swift in Sources */ = {isa = PBXBuildFile; fileRef = D5A2CC601DA6684600ABAFB0 /* guides_ios_managing-data_object-storages_uploading_terminate.swift */; };
		D5A2CCF41DA73F8000ABAFB0 /* guides_ios_managing-data_object-storages_uploading.swift in Sources */ = {isa = PBXBuildFile; fileRef = D5A2CC611DA6684600ABAFB0 /* guides_ios_managing-data_object-storages_uploading.swift */; };
		D5A2CCF61DA7662400ABAFB0 /* guides_ios_managing-groups_adding-group-members.swift in Sources */ = {isa = PBXBuildFile; fileRef = D5A2CC621DA6684600ABAFB0 /* guides_ios_managing-groups_adding-group-members.swift */; };
		D5A2CCFC1DA76CBA00ABAFB0 /* guides_ios_managing-users_social-network-integration_box.swift in Sources */ = {isa = PBXBuildFile; fileRef = D5A2CC7A1DA6684600ABAFB0 /* guides_ios_managing-users_social-network-integration_box.swift */; };
		D5A2CCFD1DA76D9100ABAFB0 /* guides_ios_managing-groups_changing-a-group-name.swift in Sources */ = {isa = PBXBuildFile; fileRef = D5A2CC631DA6684600ABAFB0 /* guides_ios_managing-groups_changing-a-group-name.swift */; };
		D5A2CCFE1DA76D9100ABAFB0 /* guides_ios_managing-groups_creating-a-group.swift in Sources */ = {isa = PBXBuildFile; fileRef = D5A2CC641DA6684600ABAFB0 /* guides_ios_managing-groups_creating-a-group.swift */; };
		D5A2CCFF1DA76D9100ABAFB0 /* guides_ios_managing-groups_deleting-a-group.swift in Sources */ = {isa = PBXBuildFile; fileRef = D5A2CC651DA6684600ABAFB0 /* guides_ios_managing-groups_deleting-a-group.swift */; };
		D5A2CD001DA76D9100ABAFB0 /* guides_ios_managing-groups_listing-group-member.swift in Sources */ = {isa = PBXBuildFile; fileRef = D5A2CC661DA6684600ABAFB0 /* guides_ios_managing-groups_listing-group-member.swift */; };
		D5A2CD011DA76D9100ABAFB0 /* guides_ios_managing-groups_listing-groups.swift in Sources */ = {isa = PBXBuildFile; fileRef = D5A2CC671DA6684600ABAFB0 /* guides_ios_managing-groups_listing-groups.swift */; };
		D5A2CD031DA76E3900ABAFB0 /* guides_ios_managing-push-notification_direct-push.swift in Sources */ = {isa = PBXBuildFile; fileRef = D5A2CC681DA6684600ABAFB0 /* guides_ios_managing-push-notification_direct-push.swift */; };
		D5A2CD041DA76E3900ABAFB0 /* guides_ios_managing-push-notification_push-to-app.swift in Sources */ = {isa = PBXBuildFile; fileRef = D5A2CC691DA6684600ABAFB0 /* guides_ios_managing-push-notification_push-to-app.swift */; };
		D5A2CD051DA76E3900ABAFB0 /* guides_ios_managing-push-notification_push-to-user_checking-topic.swift in Sources */ = {isa = PBXBuildFile; fileRef = D5A2CC6A1DA6684600ABAFB0 /* guides_ios_managing-push-notification_push-to-user_checking-topic.swift */; };
		D5A2CD061DA76E3900ABAFB0 /* guides_ios_managing-push-notification_push-to-user_confirming-subscription-topic.swift in Sources */ = {isa = PBXBuildFile; fileRef = D5A2CC6B1DA6684600ABAFB0 /* guides_ios_managing-push-notification_push-to-user_confirming-subscription-topic.swift */; };
		D5A2CD071DA76E3900ABAFB0 /* guides_ios_managing-push-notification_push-to-user_creating-topic.swift in Sources */ = {isa = PBXBuildFile; fileRef = D5A2CC6C1DA6684600ABAFB0 /* guides_ios_managing-push-notification_push-to-user_creating-topic.swift */; };
		D5A2CD081DA76E3900ABAFB0 /* guides_ios_managing-push-notification_push-to-user_deleting-topic.swift in Sources */ = {isa = PBXBuildFile; fileRef = D5A2CC6D1DA6684600ABAFB0 /* guides_ios_managing-push-notification_push-to-user_deleting-topic.swift */; };
		D5A2CD091DA76E3900ABAFB0 /* guides_ios_managing-push-notification_push-to-user_listing-topic.swift in Sources */ = {isa = PBXBuildFile; fileRef = D5A2CC6E1DA6684600ABAFB0 /* guides_ios_managing-push-notification_push-to-user_listing-topic.swift */; };
		D5A2CD0A1DA76E3900ABAFB0 /* guides_ios_managing-push-notification_push-to-user_receiving-messages.swift in Sources */ = {isa = PBXBuildFile; fileRef = D5A2CC6F1DA6684600ABAFB0 /* guides_ios_managing-push-notification_push-to-user_receiving-messages.swift */; };
		D5A2CD0B1DA76E3900ABAFB0 /* guides_ios_managing-push-notification_push-to-user_sending-messages.swift in Sources */ = {isa = PBXBuildFile; fileRef = D5A2CC701DA6684600ABAFB0 /* guides_ios_managing-push-notification_push-to-user_sending-messages.swift */; };
		D5A2CD0C1DA76E3900ABAFB0 /* guides_ios_managing-push-notification_push-to-user_settings-topic-acl.swift in Sources */ = {isa = PBXBuildFile; fileRef = D5A2CC711DA6684600ABAFB0 /* guides_ios_managing-push-notification_push-to-user_settings-topic-acl.swift */; };
		D5A2CD0D1DA76E3900ABAFB0 /* guides_ios_managing-push-notification_push-to-user_subscribing-topic.swift in Sources */ = {isa = PBXBuildFile; fileRef = D5A2CC721DA6684600ABAFB0 /* guides_ios_managing-push-notification_push-to-user_subscribing-topic.swift */; };
		D5A2CD0F1DA7707100ABAFB0 /* guides_ios_managing-users_deleting-users.swift in Sources */ = {isa = PBXBuildFile; fileRef = D5A2CC731DA6684600ABAFB0 /* guides_ios_managing-users_deleting-users.swift */; };
		D5A2CD101DA7707100ABAFB0 /* guides_ios_managing-users_getting-current-user.swift in Sources */ = {isa = PBXBuildFile; fileRef = D5A2CC741DA6684600ABAFB0 /* guides_ios_managing-users_getting-current-user.swift */; };
		D5A2CD111DA7707100ABAFB0 /* guides_ios_managing-users_passwords.swift in Sources */ = {isa = PBXBuildFile; fileRef = D5A2CC751DA6684600ABAFB0 /* guides_ios_managing-users_passwords.swift */; };
		D5A2CD121DA7707100ABAFB0 /* guides_ios_managing-users_pseudo-users.swift in Sources */ = {isa = PBXBuildFile; fileRef = D5A2CC761DA6684600ABAFB0 /* guides_ios_managing-users_pseudo-users.swift */; };
		D5A2CD131DA7707100ABAFB0 /* guides_ios_managing-users_retrieving-other-user-s-data.swift in Sources */ = {isa = PBXBuildFile; fileRef = D5A2CC771DA6684600ABAFB0 /* guides_ios_managing-users_retrieving-other-user-s-data.swift */; };
		D5A2CD141DA7707100ABAFB0 /* guides_ios_managing-users_sign-in.swift in Sources */ = {isa = PBXBuildFile; fileRef = D5A2CC781DA6684600ABAFB0 /* guides_ios_managing-users_sign-in.swift */; };
		D5A2CD151DA7707100ABAFB0 /* guides_ios_managing-users_sign-up.swift in Sources */ = {isa = PBXBuildFile; fileRef = D5A2CC791DA6684600ABAFB0 /* guides_ios_managing-users_sign-up.swift */; };
		D5A2CD161DA7707100ABAFB0 /* guides_ios_managing-users_social-network-integration_dropbox.swift in Sources */ = {isa = PBXBuildFile; fileRef = D5A2CC7B1DA6684600ABAFB0 /* guides_ios_managing-users_social-network-integration_dropbox.swift */; };
		D5A2CD171DA7707100ABAFB0 /* guides_ios_managing-users_social-network-integration_facebook.swift in Sources */ = {isa = PBXBuildFile; fileRef = D5A2CC7C1DA6684600ABAFB0 /* guides_ios_managing-users_social-network-integration_facebook.swift */; };
		D5A2CD181DA7707100ABAFB0 /* guides_ios_managing-users_social-network-integration_getting-linked-social-network.swift in Sources */ = {isa = PBXBuildFile; fileRef = D5A2CC7D1DA6684600ABAFB0 /* guides_ios_managing-users_social-network-integration_getting-linked-social-network.swift */; };
		D5A2CD191DA7707100ABAFB0 /* guides_ios_managing-users_social-network-integration_google.swift in Sources */ = {isa = PBXBuildFile; fileRef = D5A2CC7E1DA6684600ABAFB0 /* guides_ios_managing-users_social-network-integration_google.swift */; };
		D5A2CD1A1DA7707100ABAFB0 /* guides_ios_managing-users_social-network-integration_linkedin.swift in Sources */ = {isa = PBXBuildFile; fileRef = D5A2CC7F1DA6684600ABAFB0 /* guides_ios_managing-users_social-network-integration_linkedin.swift */; };
		D5A2CD1B1DA7707100ABAFB0 /* guides_ios_managing-users_social-network-integration_live.swift in Sources */ = {isa = PBXBuildFile; fileRef = D5A2CC801DA6684600ABAFB0 /* guides_ios_managing-users_social-network-integration_live.swift */; };
		D5A2CD1C1DA7707100ABAFB0 /* guides_ios_managing-users_social-network-integration_qq.swift in Sources */ = {isa = PBXBuildFile; fileRef = D5A2CC811DA6684600ABAFB0 /* guides_ios_managing-users_social-network-integration_qq.swift */; };
		D5A2CD1D1DA7707100ABAFB0 /* guides_ios_managing-users_social-network-integration_renren.swift in Sources */ = {isa = PBXBuildFile; fileRef = D5A2CC821DA6684600ABAFB0 /* guides_ios_managing-users_social-network-integration_renren.swift */; };
		D5A2CD1E1DA7707100ABAFB0 /* guides_ios_managing-users_social-network-integration_sinaweibo.swift in Sources */ = {isa = PBXBuildFile; fileRef = D5A2CC831DA6684600ABAFB0 /* guides_ios_managing-users_social-network-integration_sinaweibo.swift */; };
		D5A2CD1F1DA7707100ABAFB0 /* guides_ios_managing-users_social-network-integration_twitter.swift in Sources */ = {isa = PBXBuildFile; fileRef = D5A2CC841DA6684600ABAFB0 /* guides_ios_managing-users_social-network-integration_twitter.swift */; };
		D5A2CD201DA7707100ABAFB0 /* guides_ios_managing-users_social-network-integration_yahoo.swift in Sources */ = {isa = PBXBuildFile; fileRef = D5A2CC851DA6684600ABAFB0 /* guides_ios_managing-users_social-network-integration_yahoo.swift */; };
		D5A2CD211DA7707100ABAFB0 /* guides_ios_managing-users_user-attributes.swift in Sources */ = {isa = PBXBuildFile; fileRef = D5A2CC861DA6684600ABAFB0 /* guides_ios_managing-users_user-attributes.swift */; };
		D5A2CD231DA7713900ABAFB0 /* guides_ios_quickstart_adding-kii-cloud-sdk-to-your-application.swift in Sources */ = {isa = PBXBuildFile; fileRef = D5A2CC871DA6684600ABAFB0 /* guides_ios_quickstart_adding-kii-cloud-sdk-to-your-application.swift */; };
		D5A2CD241DA7713900ABAFB0 /* guides_ios_quickstart_adding-kii-push-notification-to-your-application.swift in Sources */ = {isa = PBXBuildFile; fileRef = D5A2CC881DA6684600ABAFB0 /* guides_ios_quickstart_adding-kii-push-notification-to-your-application.swift */; };
		D5A2CD251DA771F300ABAFB0 /* guides_ios.swift in Sources */ = {isa = PBXBuildFile; fileRef = D5A2CC891DA6684600ABAFB0 /* guides_ios.swift */; };
		D5A2CD271DA7728C00ABAFB0 /* guides_thingifsdk_thingsdk_thing-client_deleting-things.swift in Sources */ = {isa = PBXBuildFile; fileRef = D5A2CC8A1DA6684600ABAFB0 /* guides_thingifsdk_thingsdk_thing-client_deleting-things.swift */; };
		D5A2CD281DA7728C00ABAFB0 /* guides_thingifsdk_thingsdk_thing-client_managing-owner.swift in Sources */ = {isa = PBXBuildFile; fileRef = D5A2CC8B1DA6684600ABAFB0 /* guides_thingifsdk_thingsdk_thing-client_managing-owner.swift */; };
		D5A2CD291DA7728C00ABAFB0 /* guides_thingifsdk_thingsdk_thing-client_object-storages.swift in Sources */ = {isa = PBXBuildFile; fileRef = D5A2CC8C1DA6684600ABAFB0 /* guides_thingifsdk_thingsdk_thing-client_object-storages.swift */; };
		D5A2CD2A1DA7728C00ABAFB0 /* guides_thingifsdk_thingsdk_thing-client_register.swift in Sources */ = {isa = PBXBuildFile; fileRef = D5A2CC8D1DA6684600ABAFB0 /* guides_thingifsdk_thingsdk_thing-client_register.swift */; };
		D5A2CD2B1DA7728C00ABAFB0 /* guides_thingifsdk_thingsdk_thing-client_retrieving-things.swift in Sources */ = {isa = PBXBuildFile; fileRef = D5A2CC8E1DA6684600ABAFB0 /* guides_thingifsdk_thingsdk_thing-client_retrieving-things.swift */; };
		D5A2CD2C1DA7728C00ABAFB0 /* guides_thingifsdk_thingsdk_thing-client_things-attributes.swift in Sources */ = {isa = PBXBuildFile; fileRef = D5A2CC8F1DA6684600ABAFB0 /* guides_thingifsdk_thingsdk_thing-client_things-attributes.swift */; };
		D5A2CD2D1DA7728C00ABAFB0 /* guides_thingifsdk_thingsdk_thing-client_things-push-notification.swift in Sources */ = {isa = PBXBuildFile; fileRef = D5A2CC901DA6684600ABAFB0 /* guides_thingifsdk_thingsdk_thing-client_things-push-notification.swift */; };
		D5A2CD2E1DA7728C00ABAFB0 /* guides_thingifsdk_thingsdk_thing-client_things-securing-data.swift in Sources */ = {isa = PBXBuildFile; fileRef = D5A2CC911DA6684600ABAFB0 /* guides_thingifsdk_thingsdk_thing-client_things-securing-data.swift */; };
		D5A2CD2F1DA7728C00ABAFB0 /* guides_thingifsdk_thingsdk_thing-client_things-status.swift in Sources */ = {isa = PBXBuildFile; fileRef = D5A2CC921DA6684600ABAFB0 /* guides_thingifsdk_thingsdk_thing-client_things-status.swift */; };
/* End PBXBuildFile section */

/* Begin PBXFileReference section */
		35E31032A84360C3A3085369 /* Pods_Snippet3.framework */ = {isa = PBXFileReference; explicitFileType = wrapper.framework; includeInIndex = 0; path = Pods_Snippet3.framework; sourceTree = BUILT_PRODUCTS_DIR; };
		D57772C21DA6657500E549B8 /* Snippet3.app */ = {isa = PBXFileReference; explicitFileType = wrapper.application; includeInIndex = 0; path = Snippet3.app; sourceTree = BUILT_PRODUCTS_DIR; };
		D57772C51DA6657500E549B8 /* AppDelegate.swift */ = {isa = PBXFileReference; lastKnownFileType = sourcecode.swift; path = AppDelegate.swift; sourceTree = "<group>"; };
		D57772C71DA6657500E549B8 /* ViewController.swift */ = {isa = PBXFileReference; lastKnownFileType = sourcecode.swift; path = ViewController.swift; sourceTree = "<group>"; };
		D57772CA1DA6657500E549B8 /* Base */ = {isa = PBXFileReference; lastKnownFileType = file.storyboard; name = Base; path = Base.lproj/Main.storyboard; sourceTree = "<group>"; };
		D57772CC1DA6657500E549B8 /* Assets.xcassets */ = {isa = PBXFileReference; lastKnownFileType = folder.assetcatalog; path = Assets.xcassets; sourceTree = "<group>"; };
		D57772CF1DA6657500E549B8 /* Base */ = {isa = PBXFileReference; lastKnownFileType = file.storyboard; name = Base; path = Base.lproj/LaunchScreen.storyboard; sourceTree = "<group>"; };
		D57772D11DA6657500E549B8 /* Info.plist */ = {isa = PBXFileReference; lastKnownFileType = text.plist.xml; path = Info.plist; sourceTree = "<group>"; };
		D5A2CBBA1DA6662300ABAFB0 /* Snippet-Bridging-Header.h */ = {isa = PBXFileReference; fileEncoding = 4; lastKnownFileType = sourcecode.c.h; path = "Snippet-Bridging-Header.h"; sourceTree = "<group>"; };
		D5A2CC4B1DA6684600ABAFB0 /* guides_ab-testing_integrating_ab_test.swift */ = {isa = PBXFileReference; fileEncoding = 4; lastKnownFileType = sourcecode.swift; path = "guides_ab-testing_integrating_ab_test.swift"; sourceTree = "<group>"; };
		D5A2CC4C1DA6684600ABAFB0 /* guides_ios_managing-analytics_flex-analytics_analyze-application-data.swift */ = {isa = PBXFileReference; fileEncoding = 4; lastKnownFileType = sourcecode.swift; path = "guides_ios_managing-analytics_flex-analytics_analyze-application-data.swift"; sourceTree = "<group>"; };
		D5A2CC4D1DA6684600ABAFB0 /* guides_ios_managing-analytics_flex-analytics_analyze-event-data.swift */ = {isa = PBXFileReference; fileEncoding = 4; lastKnownFileType = sourcecode.swift; path = "guides_ios_managing-analytics_flex-analytics_analyze-event-data.swift"; sourceTree = "<group>"; };
		D5A2CC4E1DA6684600ABAFB0 /* guides_ios_managing-data_buckets_creating.swift */ = {isa = PBXFileReference; fileEncoding = 4; lastKnownFileType = sourcecode.swift; path = "guides_ios_managing-data_buckets_creating.swift"; sourceTree = "<group>"; };
		D5A2CC4F1DA6684600ABAFB0 /* guides_ios_managing-data_buckets_deleting.swift */ = {isa = PBXFileReference; fileEncoding = 4; lastKnownFileType = sourcecode.swift; path = "guides_ios_managing-data_buckets_deleting.swift"; sourceTree = "<group>"; };
		D5A2CC501DA6684600ABAFB0 /* guides_ios_managing-data_buckets_setting-acl.swift */ = {isa = PBXFileReference; fileEncoding = 4; lastKnownFileType = sourcecode.swift; path = "guides_ios_managing-data_buckets_setting-acl.swift"; sourceTree = "<group>"; };
		D5A2CC511DA6684600ABAFB0 /* guides_ios_managing-data_object-storages_countingobjects.swift */ = {isa = PBXFileReference; fileEncoding = 4; lastKnownFileType = sourcecode.swift; path = "guides_ios_managing-data_object-storages_countingobjects.swift"; sourceTree = "<group>"; };
		D5A2CC521DA6684600ABAFB0 /* guides_ios_managing-data_object-storages_creating.swift */ = {isa = PBXFileReference; fileEncoding = 4; lastKnownFileType = sourcecode.swift; path = "guides_ios_managing-data_object-storages_creating.swift"; sourceTree = "<group>"; };
		D5A2CC531DA6684600ABAFB0 /* guides_ios_managing-data_object-storages_deleting.swift */ = {isa = PBXFileReference; fileEncoding = 4; lastKnownFileType = sourcecode.swift; path = "guides_ios_managing-data_object-storages_deleting.swift"; sourceTree = "<group>"; };
		D5A2CC541DA6684600ABAFB0 /* guides_ios_managing-data_object-storages_deletingbody.swift */ = {isa = PBXFileReference; fileEncoding = 4; lastKnownFileType = sourcecode.swift; path = "guides_ios_managing-data_object-storages_deletingbody.swift"; sourceTree = "<group>"; };
		D5A2CC551DA6684600ABAFB0 /* guides_ios_managing-data_object-storages_downloading_resume.swift */ = {isa = PBXFileReference; fileEncoding = 4; lastKnownFileType = sourcecode.swift; path = "guides_ios_managing-data_object-storages_downloading_resume.swift"; sourceTree = "<group>"; };
		D5A2CC561DA6684600ABAFB0 /* guides_ios_managing-data_object-storages_downloading_suspend.swift */ = {isa = PBXFileReference; fileEncoding = 4; lastKnownFileType = sourcecode.swift; path = "guides_ios_managing-data_object-storages_downloading_suspend.swift"; sourceTree = "<group>"; };
		D5A2CC571DA6684600ABAFB0 /* guides_ios_managing-data_object-storages_downloading_terminate.swift */ = {isa = PBXFileReference; fileEncoding = 4; lastKnownFileType = sourcecode.swift; path = "guides_ios_managing-data_object-storages_downloading_terminate.swift"; sourceTree = "<group>"; };
		D5A2CC581DA6684600ABAFB0 /* guides_ios_managing-data_object-storages_downloading.swift */ = {isa = PBXFileReference; fileEncoding = 4; lastKnownFileType = sourcecode.swift; path = "guides_ios_managing-data_object-storages_downloading.swift"; sourceTree = "<group>"; };
		D5A2CC591DA6684600ABAFB0 /* guides_ios_managing-data_object-storages_publishing.swift */ = {isa = PBXFileReference; fileEncoding = 4; lastKnownFileType = sourcecode.swift; path = "guides_ios_managing-data_object-storages_publishing.swift"; sourceTree = "<group>"; };
		D5A2CC5A1DA6684600ABAFB0 /* guides_ios_managing-data_object-storages_querying.swift */ = {isa = PBXFileReference; fileEncoding = 4; lastKnownFileType = sourcecode.swift; path = "guides_ios_managing-data_object-storages_querying.swift"; sourceTree = "<group>"; };
		D5A2CC5B1DA6684600ABAFB0 /* guides_ios_managing-data_object-storages_retrieving.swift */ = {isa = PBXFileReference; fileEncoding = 4; lastKnownFileType = sourcecode.swift; path = "guides_ios_managing-data_object-storages_retrieving.swift"; sourceTree = "<group>"; };
		D5A2CC5C1DA6684600ABAFB0 /* guides_ios_managing-data_object-storages_scoping.swift */ = {isa = PBXFileReference; fileEncoding = 4; lastKnownFileType = sourcecode.swift; path = "guides_ios_managing-data_object-storages_scoping.swift"; sourceTree = "<group>"; };
		D5A2CC5D1DA6684600ABAFB0 /* guides_ios_managing-data_object-storages_updating.swift */ = {isa = PBXFileReference; fileEncoding = 4; lastKnownFileType = sourcecode.swift; path = "guides_ios_managing-data_object-storages_updating.swift"; sourceTree = "<group>"; };
		D5A2CC5E1DA6684600ABAFB0 /* guides_ios_managing-data_object-storages_uploading_resume.swift */ = {isa = PBXFileReference; fileEncoding = 4; lastKnownFileType = sourcecode.swift; path = "guides_ios_managing-data_object-storages_uploading_resume.swift"; sourceTree = "<group>"; };
		D5A2CC5F1DA6684600ABAFB0 /* guides_ios_managing-data_object-storages_uploading_suspend.swift */ = {isa = PBXFileReference; fileEncoding = 4; lastKnownFileType = sourcecode.swift; path = "guides_ios_managing-data_object-storages_uploading_suspend.swift"; sourceTree = "<group>"; };
		D5A2CC601DA6684600ABAFB0 /* guides_ios_managing-data_object-storages_uploading_terminate.swift */ = {isa = PBXFileReference; fileEncoding = 4; lastKnownFileType = sourcecode.swift; path = "guides_ios_managing-data_object-storages_uploading_terminate.swift"; sourceTree = "<group>"; };
		D5A2CC611DA6684600ABAFB0 /* guides_ios_managing-data_object-storages_uploading.swift */ = {isa = PBXFileReference; fileEncoding = 4; lastKnownFileType = sourcecode.swift; path = "guides_ios_managing-data_object-storages_uploading.swift"; sourceTree = "<group>"; };
		D5A2CC621DA6684600ABAFB0 /* guides_ios_managing-groups_adding-group-members.swift */ = {isa = PBXFileReference; fileEncoding = 4; lastKnownFileType = sourcecode.swift; path = "guides_ios_managing-groups_adding-group-members.swift"; sourceTree = "<group>"; };
		D5A2CC631DA6684600ABAFB0 /* guides_ios_managing-groups_changing-a-group-name.swift */ = {isa = PBXFileReference; fileEncoding = 4; lastKnownFileType = sourcecode.swift; path = "guides_ios_managing-groups_changing-a-group-name.swift"; sourceTree = "<group>"; };
		D5A2CC641DA6684600ABAFB0 /* guides_ios_managing-groups_creating-a-group.swift */ = {isa = PBXFileReference; fileEncoding = 4; lastKnownFileType = sourcecode.swift; path = "guides_ios_managing-groups_creating-a-group.swift"; sourceTree = "<group>"; };
		D5A2CC651DA6684600ABAFB0 /* guides_ios_managing-groups_deleting-a-group.swift */ = {isa = PBXFileReference; fileEncoding = 4; lastKnownFileType = sourcecode.swift; path = "guides_ios_managing-groups_deleting-a-group.swift"; sourceTree = "<group>"; };
		D5A2CC661DA6684600ABAFB0 /* guides_ios_managing-groups_listing-group-member.swift */ = {isa = PBXFileReference; fileEncoding = 4; lastKnownFileType = sourcecode.swift; path = "guides_ios_managing-groups_listing-group-member.swift"; sourceTree = "<group>"; };
		D5A2CC671DA6684600ABAFB0 /* guides_ios_managing-groups_listing-groups.swift */ = {isa = PBXFileReference; fileEncoding = 4; lastKnownFileType = sourcecode.swift; path = "guides_ios_managing-groups_listing-groups.swift"; sourceTree = "<group>"; };
		D5A2CC681DA6684600ABAFB0 /* guides_ios_managing-push-notification_direct-push.swift */ = {isa = PBXFileReference; fileEncoding = 4; lastKnownFileType = sourcecode.swift; path = "guides_ios_managing-push-notification_direct-push.swift"; sourceTree = "<group>"; };
		D5A2CC691DA6684600ABAFB0 /* guides_ios_managing-push-notification_push-to-app.swift */ = {isa = PBXFileReference; fileEncoding = 4; lastKnownFileType = sourcecode.swift; path = "guides_ios_managing-push-notification_push-to-app.swift"; sourceTree = "<group>"; };
		D5A2CC6A1DA6684600ABAFB0 /* guides_ios_managing-push-notification_push-to-user_checking-topic.swift */ = {isa = PBXFileReference; fileEncoding = 4; lastKnownFileType = sourcecode.swift; path = "guides_ios_managing-push-notification_push-to-user_checking-topic.swift"; sourceTree = "<group>"; };
		D5A2CC6B1DA6684600ABAFB0 /* guides_ios_managing-push-notification_push-to-user_confirming-subscription-topic.swift */ = {isa = PBXFileReference; fileEncoding = 4; lastKnownFileType = sourcecode.swift; path = "guides_ios_managing-push-notification_push-to-user_confirming-subscription-topic.swift"; sourceTree = "<group>"; };
		D5A2CC6C1DA6684600ABAFB0 /* guides_ios_managing-push-notification_push-to-user_creating-topic.swift */ = {isa = PBXFileReference; fileEncoding = 4; lastKnownFileType = sourcecode.swift; path = "guides_ios_managing-push-notification_push-to-user_creating-topic.swift"; sourceTree = "<group>"; };
		D5A2CC6D1DA6684600ABAFB0 /* guides_ios_managing-push-notification_push-to-user_deleting-topic.swift */ = {isa = PBXFileReference; fileEncoding = 4; lastKnownFileType = sourcecode.swift; path = "guides_ios_managing-push-notification_push-to-user_deleting-topic.swift"; sourceTree = "<group>"; };
		D5A2CC6E1DA6684600ABAFB0 /* guides_ios_managing-push-notification_push-to-user_listing-topic.swift */ = {isa = PBXFileReference; fileEncoding = 4; lastKnownFileType = sourcecode.swift; path = "guides_ios_managing-push-notification_push-to-user_listing-topic.swift"; sourceTree = "<group>"; };
		D5A2CC6F1DA6684600ABAFB0 /* guides_ios_managing-push-notification_push-to-user_receiving-messages.swift */ = {isa = PBXFileReference; fileEncoding = 4; lastKnownFileType = sourcecode.swift; path = "guides_ios_managing-push-notification_push-to-user_receiving-messages.swift"; sourceTree = "<group>"; };
		D5A2CC701DA6684600ABAFB0 /* guides_ios_managing-push-notification_push-to-user_sending-messages.swift */ = {isa = PBXFileReference; fileEncoding = 4; lastKnownFileType = sourcecode.swift; path = "guides_ios_managing-push-notification_push-to-user_sending-messages.swift"; sourceTree = "<group>"; };
		D5A2CC711DA6684600ABAFB0 /* guides_ios_managing-push-notification_push-to-user_settings-topic-acl.swift */ = {isa = PBXFileReference; fileEncoding = 4; lastKnownFileType = sourcecode.swift; path = "guides_ios_managing-push-notification_push-to-user_settings-topic-acl.swift"; sourceTree = "<group>"; };
		D5A2CC721DA6684600ABAFB0 /* guides_ios_managing-push-notification_push-to-user_subscribing-topic.swift */ = {isa = PBXFileReference; fileEncoding = 4; lastKnownFileType = sourcecode.swift; path = "guides_ios_managing-push-notification_push-to-user_subscribing-topic.swift"; sourceTree = "<group>"; };
		D5A2CC731DA6684600ABAFB0 /* guides_ios_managing-users_deleting-users.swift */ = {isa = PBXFileReference; fileEncoding = 4; lastKnownFileType = sourcecode.swift; path = "guides_ios_managing-users_deleting-users.swift"; sourceTree = "<group>"; };
		D5A2CC741DA6684600ABAFB0 /* guides_ios_managing-users_getting-current-user.swift */ = {isa = PBXFileReference; fileEncoding = 4; lastKnownFileType = sourcecode.swift; path = "guides_ios_managing-users_getting-current-user.swift"; sourceTree = "<group>"; };
		D5A2CC751DA6684600ABAFB0 /* guides_ios_managing-users_passwords.swift */ = {isa = PBXFileReference; fileEncoding = 4; lastKnownFileType = sourcecode.swift; path = "guides_ios_managing-users_passwords.swift"; sourceTree = "<group>"; };
		D5A2CC761DA6684600ABAFB0 /* guides_ios_managing-users_pseudo-users.swift */ = {isa = PBXFileReference; fileEncoding = 4; lastKnownFileType = sourcecode.swift; path = "guides_ios_managing-users_pseudo-users.swift"; sourceTree = "<group>"; };
		D5A2CC771DA6684600ABAFB0 /* guides_ios_managing-users_retrieving-other-user-s-data.swift */ = {isa = PBXFileReference; fileEncoding = 4; lastKnownFileType = sourcecode.swift; path = "guides_ios_managing-users_retrieving-other-user-s-data.swift"; sourceTree = "<group>"; };
		D5A2CC781DA6684600ABAFB0 /* guides_ios_managing-users_sign-in.swift */ = {isa = PBXFileReference; fileEncoding = 4; lastKnownFileType = sourcecode.swift; path = "guides_ios_managing-users_sign-in.swift"; sourceTree = "<group>"; };
		D5A2CC791DA6684600ABAFB0 /* guides_ios_managing-users_sign-up.swift */ = {isa = PBXFileReference; fileEncoding = 4; lastKnownFileType = sourcecode.swift; path = "guides_ios_managing-users_sign-up.swift"; sourceTree = "<group>"; };
		D5A2CC7A1DA6684600ABAFB0 /* guides_ios_managing-users_social-network-integration_box.swift */ = {isa = PBXFileReference; fileEncoding = 4; lastKnownFileType = sourcecode.swift; path = "guides_ios_managing-users_social-network-integration_box.swift"; sourceTree = "<group>"; };
		D5A2CC7B1DA6684600ABAFB0 /* guides_ios_managing-users_social-network-integration_dropbox.swift */ = {isa = PBXFileReference; fileEncoding = 4; lastKnownFileType = sourcecode.swift; path = "guides_ios_managing-users_social-network-integration_dropbox.swift"; sourceTree = "<group>"; };
		D5A2CC7C1DA6684600ABAFB0 /* guides_ios_managing-users_social-network-integration_facebook.swift */ = {isa = PBXFileReference; fileEncoding = 4; lastKnownFileType = sourcecode.swift; path = "guides_ios_managing-users_social-network-integration_facebook.swift"; sourceTree = "<group>"; };
		D5A2CC7D1DA6684600ABAFB0 /* guides_ios_managing-users_social-network-integration_getting-linked-social-network.swift */ = {isa = PBXFileReference; fileEncoding = 4; lastKnownFileType = sourcecode.swift; path = "guides_ios_managing-users_social-network-integration_getting-linked-social-network.swift"; sourceTree = "<group>"; };
		D5A2CC7E1DA6684600ABAFB0 /* guides_ios_managing-users_social-network-integration_google.swift */ = {isa = PBXFileReference; fileEncoding = 4; lastKnownFileType = sourcecode.swift; path = "guides_ios_managing-users_social-network-integration_google.swift"; sourceTree = "<group>"; };
		D5A2CC7F1DA6684600ABAFB0 /* guides_ios_managing-users_social-network-integration_linkedin.swift */ = {isa = PBXFileReference; fileEncoding = 4; lastKnownFileType = sourcecode.swift; path = "guides_ios_managing-users_social-network-integration_linkedin.swift"; sourceTree = "<group>"; };
		D5A2CC801DA6684600ABAFB0 /* guides_ios_managing-users_social-network-integration_live.swift */ = {isa = PBXFileReference; fileEncoding = 4; lastKnownFileType = sourcecode.swift; path = "guides_ios_managing-users_social-network-integration_live.swift"; sourceTree = "<group>"; };
		D5A2CC811DA6684600ABAFB0 /* guides_ios_managing-users_social-network-integration_qq.swift */ = {isa = PBXFileReference; fileEncoding = 4; lastKnownFileType = sourcecode.swift; path = "guides_ios_managing-users_social-network-integration_qq.swift"; sourceTree = "<group>"; };
		D5A2CC821DA6684600ABAFB0 /* guides_ios_managing-users_social-network-integration_renren.swift */ = {isa = PBXFileReference; fileEncoding = 4; lastKnownFileType = sourcecode.swift; path = "guides_ios_managing-users_social-network-integration_renren.swift"; sourceTree = "<group>"; };
		D5A2CC831DA6684600ABAFB0 /* guides_ios_managing-users_social-network-integration_sinaweibo.swift */ = {isa = PBXFileReference; fileEncoding = 4; lastKnownFileType = sourcecode.swift; path = "guides_ios_managing-users_social-network-integration_sinaweibo.swift"; sourceTree = "<group>"; };
		D5A2CC841DA6684600ABAFB0 /* guides_ios_managing-users_social-network-integration_twitter.swift */ = {isa = PBXFileReference; fileEncoding = 4; lastKnownFileType = sourcecode.swift; path = "guides_ios_managing-users_social-network-integration_twitter.swift"; sourceTree = "<group>"; };
		D5A2CC851DA6684600ABAFB0 /* guides_ios_managing-users_social-network-integration_yahoo.swift */ = {isa = PBXFileReference; fileEncoding = 4; lastKnownFileType = sourcecode.swift; path = "guides_ios_managing-users_social-network-integration_yahoo.swift"; sourceTree = "<group>"; };
		D5A2CC861DA6684600ABAFB0 /* guides_ios_managing-users_user-attributes.swift */ = {isa = PBXFileReference; fileEncoding = 4; lastKnownFileType = sourcecode.swift; path = "guides_ios_managing-users_user-attributes.swift"; sourceTree = "<group>"; };
		D5A2CC871DA6684600ABAFB0 /* guides_ios_quickstart_adding-kii-cloud-sdk-to-your-application.swift */ = {isa = PBXFileReference; fileEncoding = 4; lastKnownFileType = sourcecode.swift; path = "guides_ios_quickstart_adding-kii-cloud-sdk-to-your-application.swift"; sourceTree = "<group>"; };
		D5A2CC881DA6684600ABAFB0 /* guides_ios_quickstart_adding-kii-push-notification-to-your-application.swift */ = {isa = PBXFileReference; fileEncoding = 4; lastKnownFileType = sourcecode.swift; path = "guides_ios_quickstart_adding-kii-push-notification-to-your-application.swift"; sourceTree = "<group>"; };
		D5A2CC891DA6684600ABAFB0 /* guides_ios.swift */ = {isa = PBXFileReference; fileEncoding = 4; lastKnownFileType = sourcecode.swift; path = guides_ios.swift; sourceTree = "<group>"; };
		D5A2CC8A1DA6684600ABAFB0 /* guides_thingifsdk_thingsdk_thing-client_deleting-things.swift */ = {isa = PBXFileReference; fileEncoding = 4; lastKnownFileType = sourcecode.swift; path = "guides_thingifsdk_thingsdk_thing-client_deleting-things.swift"; sourceTree = "<group>"; };
		D5A2CC8B1DA6684600ABAFB0 /* guides_thingifsdk_thingsdk_thing-client_managing-owner.swift */ = {isa = PBXFileReference; fileEncoding = 4; lastKnownFileType = sourcecode.swift; path = "guides_thingifsdk_thingsdk_thing-client_managing-owner.swift"; sourceTree = "<group>"; };
		D5A2CC8C1DA6684600ABAFB0 /* guides_thingifsdk_thingsdk_thing-client_object-storages.swift */ = {isa = PBXFileReference; fileEncoding = 4; lastKnownFileType = sourcecode.swift; path = "guides_thingifsdk_thingsdk_thing-client_object-storages.swift"; sourceTree = "<group>"; };
		D5A2CC8D1DA6684600ABAFB0 /* guides_thingifsdk_thingsdk_thing-client_register.swift */ = {isa = PBXFileReference; fileEncoding = 4; lastKnownFileType = sourcecode.swift; path = "guides_thingifsdk_thingsdk_thing-client_register.swift"; sourceTree = "<group>"; };
		D5A2CC8E1DA6684600ABAFB0 /* guides_thingifsdk_thingsdk_thing-client_retrieving-things.swift */ = {isa = PBXFileReference; fileEncoding = 4; lastKnownFileType = sourcecode.swift; path = "guides_thingifsdk_thingsdk_thing-client_retrieving-things.swift"; sourceTree = "<group>"; };
		D5A2CC8F1DA6684600ABAFB0 /* guides_thingifsdk_thingsdk_thing-client_things-attributes.swift */ = {isa = PBXFileReference; fileEncoding = 4; lastKnownFileType = sourcecode.swift; path = "guides_thingifsdk_thingsdk_thing-client_things-attributes.swift"; sourceTree = "<group>"; };
		D5A2CC901DA6684600ABAFB0 /* guides_thingifsdk_thingsdk_thing-client_things-push-notification.swift */ = {isa = PBXFileReference; fileEncoding = 4; lastKnownFileType = sourcecode.swift; path = "guides_thingifsdk_thingsdk_thing-client_things-push-notification.swift"; sourceTree = "<group>"; };
		D5A2CC911DA6684600ABAFB0 /* guides_thingifsdk_thingsdk_thing-client_things-securing-data.swift */ = {isa = PBXFileReference; fileEncoding = 4; lastKnownFileType = sourcecode.swift; path = "guides_thingifsdk_thingsdk_thing-client_things-securing-data.swift"; sourceTree = "<group>"; };
		D5A2CC921DA6684600ABAFB0 /* guides_thingifsdk_thingsdk_thing-client_things-status.swift */ = {isa = PBXFileReference; fileEncoding = 4; lastKnownFileType = sourcecode.swift; path = "guides_thingifsdk_thingsdk_thing-client_things-status.swift"; sourceTree = "<group>"; };
		EB9AEC88D1791C8D7C50E624 /* Pods-Snippet3.debug.xcconfig */ = {isa = PBXFileReference; includeInIndex = 1; lastKnownFileType = text.xcconfig; name = "Pods-Snippet3.debug.xcconfig"; path = "Pods/Target Support Files/Pods-Snippet3/Pods-Snippet3.debug.xcconfig"; sourceTree = "<group>"; };
		EF57A4B82011B9756C149ABD /* Pods-Snippet3.release.xcconfig */ = {isa = PBXFileReference; includeInIndex = 1; lastKnownFileType = text.xcconfig; name = "Pods-Snippet3.release.xcconfig"; path = "Pods/Target Support Files/Pods-Snippet3/Pods-Snippet3.release.xcconfig"; sourceTree = "<group>"; };
/* End PBXFileReference section */

/* Begin PBXFrameworksBuildPhase section */
		D57772BF1DA6657500E549B8 /* Frameworks */ = {
			isa = PBXFrameworksBuildPhase;
			buildActionMask = 2147483647;
			files = (
				1BCFEF9E37F4B29008A649BC /* Pods_Snippet3.framework in Frameworks */,
			);
			runOnlyForDeploymentPostprocessing = 0;
		};
/* End PBXFrameworksBuildPhase section */

/* Begin PBXGroup section */
		46661D050ADAEC6827483B28 /* Pods */ = {
			isa = PBXGroup;
			children = (
				EB9AEC88D1791C8D7C50E624 /* Pods-Snippet3.debug.xcconfig */,
				EF57A4B82011B9756C149ABD /* Pods-Snippet3.release.xcconfig */,
			);
			name = Pods;
			sourceTree = "<group>";
		};
		D57772B91DA6657500E549B8 = {
			isa = PBXGroup;
			children = (
				D57772C41DA6657500E549B8 /* Snippet3 */,
				D57772C31DA6657500E549B8 /* Products */,
				46661D050ADAEC6827483B28 /* Pods */,
				EC3CAABA39534C57093CC6A5 /* Frameworks */,
			);
			sourceTree = "<group>";
		};
		D57772C31DA6657500E549B8 /* Products */ = {
			isa = PBXGroup;
			children = (
				D57772C21DA6657500E549B8 /* Snippet3.app */,
			);
			name = Products;
			sourceTree = "<group>";
		};
		D57772C41DA6657500E549B8 /* Snippet3 */ = {
			isa = PBXGroup;
			children = (
				D5A2CCE11DA73E0400ABAFB0 /* abtesting */,
				D5A2CCE01DA73DF600ABAFB0 /* analytics */,
				D5A2CCDF1DA73DE500ABAFB0 /* buckets */,
				D5A2CCE31DA73F7300ABAFB0 /* objects */,
				D5A2CCF51DA7661400ABAFB0 /* groups */,
				D5A2CD021DA76E1D00ABAFB0 /* push */,
				D5A2CD0E1DA7706200ABAFB0 /* users */,
				D5A2CD221DA7712B00ABAFB0 /* quickstart */,
				D5A2CC891DA6684600ABAFB0 /* guides_ios.swift */,
				D5A2CD261DA7727E00ABAFB0 /* thing */,
				D5A2CBBA1DA6662300ABAFB0 /* Snippet-Bridging-Header.h */,
				D57772C51DA6657500E549B8 /* AppDelegate.swift */,
				D57772C71DA6657500E549B8 /* ViewController.swift */,
				D57772C91DA6657500E549B8 /* Main.storyboard */,
				D57772CC1DA6657500E549B8 /* Assets.xcassets */,
				D57772CE1DA6657500E549B8 /* LaunchScreen.storyboard */,
				D57772D11DA6657500E549B8 /* Info.plist */,
			);
			path = Snippet3;
			sourceTree = "<group>";
		};
		D5A2CCDF1DA73DE500ABAFB0 /* buckets */ = {
			isa = PBXGroup;
			children = (
				D5A2CC4E1DA6684600ABAFB0 /* guides_ios_managing-data_buckets_creating.swift */,
				D5A2CC4F1DA6684600ABAFB0 /* guides_ios_managing-data_buckets_deleting.swift */,
				D5A2CC501DA6684600ABAFB0 /* guides_ios_managing-data_buckets_setting-acl.swift */,
			);
			name = buckets;
			sourceTree = "<group>";
		};
		D5A2CCE01DA73DF600ABAFB0 /* analytics */ = {
			isa = PBXGroup;
			children = (
				D5A2CC4C1DA6684600ABAFB0 /* guides_ios_managing-analytics_flex-analytics_analyze-application-data.swift */,
				D5A2CC4D1DA6684600ABAFB0 /* guides_ios_managing-analytics_flex-analytics_analyze-event-data.swift */,
			);
			name = analytics;
			sourceTree = "<group>";
		};
		D5A2CCE11DA73E0400ABAFB0 /* abtesting */ = {
			isa = PBXGroup;
			children = (
				D5A2CC4B1DA6684600ABAFB0 /* guides_ab-testing_integrating_ab_test.swift */,
			);
			name = abtesting;
			sourceTree = "<group>";
		};
		D5A2CCE31DA73F7300ABAFB0 /* objects */ = {
			isa = PBXGroup;
			children = (
				D5A2CC511DA6684600ABAFB0 /* guides_ios_managing-data_object-storages_countingobjects.swift */,
				D5A2CC521DA6684600ABAFB0 /* guides_ios_managing-data_object-storages_creating.swift */,
				D5A2CC531DA6684600ABAFB0 /* guides_ios_managing-data_object-storages_deleting.swift */,
				D5A2CC541DA6684600ABAFB0 /* guides_ios_managing-data_object-storages_deletingbody.swift */,
				D5A2CC551DA6684600ABAFB0 /* guides_ios_managing-data_object-storages_downloading_resume.swift */,
				D5A2CC561DA6684600ABAFB0 /* guides_ios_managing-data_object-storages_downloading_suspend.swift */,
				D5A2CC571DA6684600ABAFB0 /* guides_ios_managing-data_object-storages_downloading_terminate.swift */,
				D5A2CC581DA6684600ABAFB0 /* guides_ios_managing-data_object-storages_downloading.swift */,
				D5A2CC591DA6684600ABAFB0 /* guides_ios_managing-data_object-storages_publishing.swift */,
				D5A2CC5A1DA6684600ABAFB0 /* guides_ios_managing-data_object-storages_querying.swift */,
				D5A2CC5B1DA6684600ABAFB0 /* guides_ios_managing-data_object-storages_retrieving.swift */,
				D5A2CC5C1DA6684600ABAFB0 /* guides_ios_managing-data_object-storages_scoping.swift */,
				D5A2CC5D1DA6684600ABAFB0 /* guides_ios_managing-data_object-storages_updating.swift */,
				D5A2CC5E1DA6684600ABAFB0 /* guides_ios_managing-data_object-storages_uploading_resume.swift */,
				D5A2CC5F1DA6684600ABAFB0 /* guides_ios_managing-data_object-storages_uploading_suspend.swift */,
				D5A2CC601DA6684600ABAFB0 /* guides_ios_managing-data_object-storages_uploading_terminate.swift */,
				D5A2CC611DA6684600ABAFB0 /* guides_ios_managing-data_object-storages_uploading.swift */,
			);
			name = objects;
			sourceTree = "<group>";
		};
		D5A2CCF51DA7661400ABAFB0 /* groups */ = {
			isa = PBXGroup;
			children = (
				D5A2CC621DA6684600ABAFB0 /* guides_ios_managing-groups_adding-group-members.swift */,
				D5A2CC631DA6684600ABAFB0 /* guides_ios_managing-groups_changing-a-group-name.swift */,
				D5A2CC641DA6684600ABAFB0 /* guides_ios_managing-groups_creating-a-group.swift */,
				D5A2CC651DA6684600ABAFB0 /* guides_ios_managing-groups_deleting-a-group.swift */,
				D5A2CC661DA6684600ABAFB0 /* guides_ios_managing-groups_listing-group-member.swift */,
				D5A2CC671DA6684600ABAFB0 /* guides_ios_managing-groups_listing-groups.swift */,
			);
			name = groups;
			sourceTree = "<group>";
		};
		D5A2CD021DA76E1D00ABAFB0 /* push */ = {
			isa = PBXGroup;
			children = (
				D5A2CC681DA6684600ABAFB0 /* guides_ios_managing-push-notification_direct-push.swift */,
				D5A2CC691DA6684600ABAFB0 /* guides_ios_managing-push-notification_push-to-app.swift */,
				D5A2CC6A1DA6684600ABAFB0 /* guides_ios_managing-push-notification_push-to-user_checking-topic.swift */,
				D5A2CC6B1DA6684600ABAFB0 /* guides_ios_managing-push-notification_push-to-user_confirming-subscription-topic.swift */,
				D5A2CC6C1DA6684600ABAFB0 /* guides_ios_managing-push-notification_push-to-user_creating-topic.swift */,
				D5A2CC6D1DA6684600ABAFB0 /* guides_ios_managing-push-notification_push-to-user_deleting-topic.swift */,
				D5A2CC6E1DA6684600ABAFB0 /* guides_ios_managing-push-notification_push-to-user_listing-topic.swift */,
				D5A2CC6F1DA6684600ABAFB0 /* guides_ios_managing-push-notification_push-to-user_receiving-messages.swift */,
				D5A2CC701DA6684600ABAFB0 /* guides_ios_managing-push-notification_push-to-user_sending-messages.swift */,
				D5A2CC711DA6684600ABAFB0 /* guides_ios_managing-push-notification_push-to-user_settings-topic-acl.swift */,
				D5A2CC721DA6684600ABAFB0 /* guides_ios_managing-push-notification_push-to-user_subscribing-topic.swift */,
			);
			name = push;
			sourceTree = "<group>";
		};
		D5A2CD0E1DA7706200ABAFB0 /* users */ = {
			isa = PBXGroup;
			children = (
				D5A2CC731DA6684600ABAFB0 /* guides_ios_managing-users_deleting-users.swift */,
				D5A2CC741DA6684600ABAFB0 /* guides_ios_managing-users_getting-current-user.swift */,
				D5A2CC751DA6684600ABAFB0 /* guides_ios_managing-users_passwords.swift */,
				D5A2CC761DA6684600ABAFB0 /* guides_ios_managing-users_pseudo-users.swift */,
				D5A2CC771DA6684600ABAFB0 /* guides_ios_managing-users_retrieving-other-user-s-data.swift */,
				D5A2CC781DA6684600ABAFB0 /* guides_ios_managing-users_sign-in.swift */,
				D5A2CC791DA6684600ABAFB0 /* guides_ios_managing-users_sign-up.swift */,
				D5A2CC7A1DA6684600ABAFB0 /* guides_ios_managing-users_social-network-integration_box.swift */,
				D5A2CC7B1DA6684600ABAFB0 /* guides_ios_managing-users_social-network-integration_dropbox.swift */,
				D5A2CC7C1DA6684600ABAFB0 /* guides_ios_managing-users_social-network-integration_facebook.swift */,
				D5A2CC7D1DA6684600ABAFB0 /* guides_ios_managing-users_social-network-integration_getting-linked-social-network.swift */,
				D5A2CC7E1DA6684600ABAFB0 /* guides_ios_managing-users_social-network-integration_google.swift */,
				D5A2CC7F1DA6684600ABAFB0 /* guides_ios_managing-users_social-network-integration_linkedin.swift */,
				D5A2CC801DA6684600ABAFB0 /* guides_ios_managing-users_social-network-integration_live.swift */,
				D5A2CC811DA6684600ABAFB0 /* guides_ios_managing-users_social-network-integration_qq.swift */,
				D5A2CC821DA6684600ABAFB0 /* guides_ios_managing-users_social-network-integration_renren.swift */,
				D5A2CC831DA6684600ABAFB0 /* guides_ios_managing-users_social-network-integration_sinaweibo.swift */,
				D5A2CC841DA6684600ABAFB0 /* guides_ios_managing-users_social-network-integration_twitter.swift */,
				D5A2CC851DA6684600ABAFB0 /* guides_ios_managing-users_social-network-integration_yahoo.swift */,
				D5A2CC861DA6684600ABAFB0 /* guides_ios_managing-users_user-attributes.swift */,
			);
			name = users;
			sourceTree = "<group>";
		};
		D5A2CD221DA7712B00ABAFB0 /* quickstart */ = {
			isa = PBXGroup;
			children = (
				D5A2CC871DA6684600ABAFB0 /* guides_ios_quickstart_adding-kii-cloud-sdk-to-your-application.swift */,
				D5A2CC881DA6684600ABAFB0 /* guides_ios_quickstart_adding-kii-push-notification-to-your-application.swift */,
			);
			name = quickstart;
			sourceTree = "<group>";
		};
		D5A2CD261DA7727E00ABAFB0 /* thing */ = {
			isa = PBXGroup;
			children = (
				D5A2CC8A1DA6684600ABAFB0 /* guides_thingifsdk_thingsdk_thing-client_deleting-things.swift */,
				D5A2CC8B1DA6684600ABAFB0 /* guides_thingifsdk_thingsdk_thing-client_managing-owner.swift */,
				D5A2CC8C1DA6684600ABAFB0 /* guides_thingifsdk_thingsdk_thing-client_object-storages.swift */,
				D5A2CC8D1DA6684600ABAFB0 /* guides_thingifsdk_thingsdk_thing-client_register.swift */,
				D5A2CC8E1DA6684600ABAFB0 /* guides_thingifsdk_thingsdk_thing-client_retrieving-things.swift */,
				D5A2CC8F1DA6684600ABAFB0 /* guides_thingifsdk_thingsdk_thing-client_things-attributes.swift */,
				D5A2CC901DA6684600ABAFB0 /* guides_thingifsdk_thingsdk_thing-client_things-push-notification.swift */,
				D5A2CC911DA6684600ABAFB0 /* guides_thingifsdk_thingsdk_thing-client_things-securing-data.swift */,
				D5A2CC921DA6684600ABAFB0 /* guides_thingifsdk_thingsdk_thing-client_things-status.swift */,
			);
			name = thing;
			sourceTree = "<group>";
		};
		EC3CAABA39534C57093CC6A5 /* Frameworks */ = {
			isa = PBXGroup;
			children = (
				35E31032A84360C3A3085369 /* Pods_Snippet3.framework */,
			);
			name = Frameworks;
			sourceTree = "<group>";
		};
/* End PBXGroup section */

/* Begin PBXNativeTarget section */
		D57772C11DA6657500E549B8 /* Snippet3 */ = {
			isa = PBXNativeTarget;
			buildConfigurationList = D57772D41DA6657500E549B8 /* Build configuration list for PBXNativeTarget "Snippet3" */;
			buildPhases = (
				ECF6EFBB23C5FAD202D65E5B /* [CP] Check Pods Manifest.lock */,
				D57772BE1DA6657500E549B8 /* Sources */,
				D57772BF1DA6657500E549B8 /* Frameworks */,
				D57772C01DA6657500E549B8 /* Resources */,
				F9C3E0F6F1AE2F16AF934AEC /* [CP] Embed Pods Frameworks */,
				7C79683215BB24FE32B4C9BD /* [CP] Copy Pods Resources */,
			);
			buildRules = (
			);
			dependencies = (
			);
			name = Snippet3;
			productName = Snippet3;
			productReference = D57772C21DA6657500E549B8 /* Snippet3.app */;
			productType = "com.apple.product-type.application";
		};
/* End PBXNativeTarget section */

/* Begin PBXProject section */
		D57772BA1DA6657500E549B8 /* Project object */ = {
			isa = PBXProject;
			attributes = {
				LastSwiftUpdateCheck = 0800;
				LastUpgradeCheck = 0800;
				ORGANIZATIONNAME = Kii;
				TargetAttributes = {
					D57772C11DA6657500E549B8 = {
						CreatedOnToolsVersion = 8.0;
						DevelopmentTeam = N5QLD3RVE2;
						LastSwiftMigration = 0800;
						ProvisioningStyle = Automatic;
					};
				};
			};
			buildConfigurationList = D57772BD1DA6657500E549B8 /* Build configuration list for PBXProject "Snippet3" */;
			compatibilityVersion = "Xcode 3.2";
			developmentRegion = English;
			hasScannedForEncodings = 0;
			knownRegions = (
				en,
				Base,
			);
			mainGroup = D57772B91DA6657500E549B8;
			productRefGroup = D57772C31DA6657500E549B8 /* Products */;
			projectDirPath = "";
			projectRoot = "";
			targets = (
				D57772C11DA6657500E549B8 /* Snippet3 */,
			);
		};
/* End PBXProject section */

/* Begin PBXResourcesBuildPhase section */
		D57772C01DA6657500E549B8 /* Resources */ = {
			isa = PBXResourcesBuildPhase;
			buildActionMask = 2147483647;
			files = (
				D57772D01DA6657500E549B8 /* LaunchScreen.storyboard in Resources */,
				D57772CD1DA6657500E549B8 /* Assets.xcassets in Resources */,
				D57772CB1DA6657500E549B8 /* Main.storyboard in Resources */,
			);
			runOnlyForDeploymentPostprocessing = 0;
		};
/* End PBXResourcesBuildPhase section */

/* Begin PBXShellScriptBuildPhase section */
		7C79683215BB24FE32B4C9BD /* [CP] Copy Pods Resources */ = {
			isa = PBXShellScriptBuildPhase;
			buildActionMask = 2147483647;
			files = (
			);
			inputPaths = (
			);
			name = "[CP] Copy Pods Resources";
			outputPaths = (
			);
			runOnlyForDeploymentPostprocessing = 0;
			shellPath = /bin/sh;
			shellScript = "\"${SRCROOT}/Pods/Target Support Files/Pods-Snippet3/Pods-Snippet3-resources.sh\"\n";
			showEnvVarsInLog = 0;
		};
		ECF6EFBB23C5FAD202D65E5B /* [CP] Check Pods Manifest.lock */ = {
			isa = PBXShellScriptBuildPhase;
			buildActionMask = 2147483647;
			files = (
			);
			inputPaths = (
			);
			name = "[CP] Check Pods Manifest.lock";
			outputPaths = (
			);
			runOnlyForDeploymentPostprocessing = 0;
			shellPath = /bin/sh;
			shellScript = "diff \"${PODS_ROOT}/../Podfile.lock\" \"${PODS_ROOT}/Manifest.lock\" > /dev/null\nif [[ $? != 0 ]] ; then\n    cat << EOM\nerror: The sandbox is not in sync with the Podfile.lock. Run 'pod install' or update your CocoaPods installation.\nEOM\n    exit 1\nfi\n";
			showEnvVarsInLog = 0;
		};
		F9C3E0F6F1AE2F16AF934AEC /* [CP] Embed Pods Frameworks */ = {
			isa = PBXShellScriptBuildPhase;
			buildActionMask = 2147483647;
			files = (
			);
			inputPaths = (
			);
			name = "[CP] Embed Pods Frameworks";
			outputPaths = (
			);
			runOnlyForDeploymentPostprocessing = 0;
			shellPath = /bin/sh;
			shellScript = "\"${SRCROOT}/Pods/Target Support Files/Pods-Snippet3/Pods-Snippet3-frameworks.sh\"\n";
			showEnvVarsInLog = 0;
		};
/* End PBXShellScriptBuildPhase section */

/* Begin PBXSourcesBuildPhase section */
		D57772BE1DA6657500E549B8 /* Sources */ = {
			isa = PBXSourcesBuildPhase;
			buildActionMask = 2147483647;
			files = (
				D5A2CD071DA76E3900ABAFB0 /* guides_ios_managing-push-notification_push-to-user_creating-topic.swift in Sources */,
				D5A2CCEE1DA73F8000ABAFB0 /* guides_ios_managing-data_object-storages_retrieving.swift in Sources */,
				D5A2CD0F1DA7707100ABAFB0 /* guides_ios_managing-users_deleting-users.swift in Sources */,
				D5A2CCF41DA73F8000ABAFB0 /* guides_ios_managing-data_object-storages_uploading.swift in Sources */,
				D5A2CCFD1DA76D9100ABAFB0 /* guides_ios_managing-groups_changing-a-group-name.swift in Sources */,
				D5A2CCF31DA73F8000ABAFB0 /* guides_ios_managing-data_object-storages_uploading_terminate.swift in Sources */,
				D5A2CCEF1DA73F8000ABAFB0 /* guides_ios_managing-data_object-storages_scoping.swift in Sources */,
				D5A2CD091DA76E3900ABAFB0 /* guides_ios_managing-push-notification_push-to-user_listing-topic.swift in Sources */,
				D5A2CCEC1DA73F8000ABAFB0 /* guides_ios_managing-data_object-storages_publishing.swift in Sources */,
				D5A2CD101DA7707100ABAFB0 /* guides_ios_managing-users_getting-current-user.swift in Sources */,
				D5A2CD0B1DA76E3900ABAFB0 /* guides_ios_managing-push-notification_push-to-user_sending-messages.swift in Sources */,
				D5A2CD1A1DA7707100ABAFB0 /* guides_ios_managing-users_social-network-integration_linkedin.swift in Sources */,
				D5A2CD1F1DA7707100ABAFB0 /* guides_ios_managing-users_social-network-integration_twitter.swift in Sources */,
				D5A2CD211DA7707100ABAFB0 /* guides_ios_managing-users_user-attributes.swift in Sources */,
				D5A2CD291DA7728C00ABAFB0 /* guides_thingifsdk_thingsdk_thing-client_object-storages.swift in Sources */,
				D57772C81DA6657500E549B8 /* ViewController.swift in Sources */,
				D5A2CD2E1DA7728C00ABAFB0 /* guides_thingifsdk_thingsdk_thing-client_things-securing-data.swift in Sources */,
				D5A2CCDB1DA73CE100ABAFB0 /* guides_ios_managing-analytics_flex-analytics_analyze-application-data.swift in Sources */,
				D5A2CD1B1DA7707100ABAFB0 /* guides_ios_managing-users_social-network-integration_live.swift in Sources */,
				D5A2CD281DA7728C00ABAFB0 /* guides_thingifsdk_thingsdk_thing-client_managing-owner.swift in Sources */,
				D5A2CCE21DA73E1400ABAFB0 /* guides_ios_managing-data_buckets_setting-acl.swift in Sources */,
				D5A2CD201DA7707100ABAFB0 /* guides_ios_managing-users_social-network-integration_yahoo.swift in Sources */,
				D5A2CD111DA7707100ABAFB0 /* guides_ios_managing-users_passwords.swift in Sources */,
				D5A2CD011DA76D9100ABAFB0 /* guides_ios_managing-groups_listing-groups.swift in Sources */,
				D5A2CD181DA7707100ABAFB0 /* guides_ios_managing-users_social-network-integration_getting-linked-social-network.swift in Sources */,
				D5A2CD031DA76E3900ABAFB0 /* guides_ios_managing-push-notification_direct-push.swift in Sources */,
				D5A2CCDC1DA73CF000ABAFB0 /* guides_ios_managing-analytics_flex-analytics_analyze-event-data.swift in Sources */,
				D5A2CD231DA7713900ABAFB0 /* guides_ios_quickstart_adding-kii-cloud-sdk-to-your-application.swift in Sources */,
				D57772C61DA6657500E549B8 /* AppDelegate.swift in Sources */,
				D5A2CD241DA7713900ABAFB0 /* guides_ios_quickstart_adding-kii-push-notification-to-your-application.swift in Sources */,
				D5A2CD151DA7707100ABAFB0 /* guides_ios_managing-users_sign-up.swift in Sources */,
				D5A2CD171DA7707100ABAFB0 /* guides_ios_managing-users_social-network-integration_facebook.swift in Sources */,
				D5A2CD1E1DA7707100ABAFB0 /* guides_ios_managing-users_social-network-integration_sinaweibo.swift in Sources */,
				D5A2CD2A1DA7728C00ABAFB0 /* guides_thingifsdk_thingsdk_thing-client_register.swift in Sources */,
				D5A2CCF11DA73F8000ABAFB0 /* guides_ios_managing-data_object-storages_uploading_resume.swift in Sources */,
				D5A2CCE61DA73F8000ABAFB0 /* guides_ios_managing-data_object-storages_deleting.swift in Sources */,
				D5A2CCFC1DA76CBA00ABAFB0 /* guides_ios_managing-users_social-network-integration_box.swift in Sources */,
				D5A2CCF21DA73F8000ABAFB0 /* guides_ios_managing-data_object-storages_uploading_suspend.swift in Sources */,
				D5A2CD0D1DA76E3900ABAFB0 /* guides_ios_managing-push-notification_push-to-user_subscribing-topic.swift in Sources */,
				D5A2CCF61DA7662400ABAFB0 /* guides_ios_managing-groups_adding-group-members.swift in Sources */,
				D5A2CD1C1DA7707100ABAFB0 /* guides_ios_managing-users_social-network-integration_qq.swift in Sources */,
				D5A2CCED1DA73F8000ABAFB0 /* guides_ios_managing-data_object-storages_querying.swift in Sources */,
				D5A2CD051DA76E3900ABAFB0 /* guides_ios_managing-push-notification_push-to-user_checking-topic.swift in Sources */,
				D5A2CD001DA76D9100ABAFB0 /* guides_ios_managing-groups_listing-group-member.swift in Sources */,
				D5A2CC931DA6684600ABAFB0 /* guides_ab-testing_integrating_ab_test.swift in Sources */,
				D5A2CCE91DA73F8000ABAFB0 /* guides_ios_managing-data_object-storages_downloading_suspend.swift in Sources */,
				D5A2CD161DA7707100ABAFB0 /* guides_ios_managing-users_social-network-integration_dropbox.swift in Sources */,
				D5A2CD041DA76E3900ABAFB0 /* guides_ios_managing-push-notification_push-to-app.swift in Sources */,
				D5A2CD0C1DA76E3900ABAFB0 /* guides_ios_managing-push-notification_push-to-user_settings-topic-acl.swift in Sources */,
				D5A2CCEB1DA73F8000ABAFB0 /* guides_ios_managing-data_object-storages_downloading.swift in Sources */,
				D5A2CD121DA7707100ABAFB0 /* guides_ios_managing-users_pseudo-users.swift in Sources */,
				D5A2CD131DA7707100ABAFB0 /* guides_ios_managing-users_retrieving-other-user-s-data.swift in Sources */,
				D5A2CD271DA7728C00ABAFB0 /* guides_thingifsdk_thingsdk_thing-client_deleting-things.swift in Sources */,
				D5A2CCFE1DA76D9100ABAFB0 /* guides_ios_managing-groups_creating-a-group.swift in Sources */,
				D5A2CD2F1DA7728C00ABAFB0 /* guides_thingifsdk_thingsdk_thing-client_things-status.swift in Sources */,
				D5A2CD141DA7707100ABAFB0 /* guides_ios_managing-users_sign-in.swift in Sources */,
				D5A2CD251DA771F300ABAFB0 /* guides_ios.swift in Sources */,
				D5A2CCEA1DA73F8000ABAFB0 /* guides_ios_managing-data_object-storages_downloading_terminate.swift in Sources */,
				D5A2CCDE1DA73DCD00ABAFB0 /* guides_ios_managing-data_buckets_deleting.swift in Sources */,
				D5A2CD2B1DA7728C00ABAFB0 /* guides_thingifsdk_thingsdk_thing-client_retrieving-things.swift in Sources */,
				D5A2CD0A1DA76E3900ABAFB0 /* guides_ios_managing-push-notification_push-to-user_receiving-messages.swift in Sources */,
				D5A2CCDD1DA73D4900ABAFB0 /* guides_ios_managing-data_buckets_creating.swift in Sources */,
				D5A2CCE71DA73F8000ABAFB0 /* guides_ios_managing-data_object-storages_deletingbody.swift in Sources */,
				D5A2CD081DA76E3900ABAFB0 /* guides_ios_managing-push-notification_push-to-user_deleting-topic.swift in Sources */,
				D5A2CD1D1DA7707100ABAFB0 /* guides_ios_managing-users_social-network-integration_renren.swift in Sources */,
				D5A2CD061DA76E3900ABAFB0 /* guides_ios_managing-push-notification_push-to-user_confirming-subscription-topic.swift in Sources */,
				D5A2CD2C1DA7728C00ABAFB0 /* guides_thingifsdk_thingsdk_thing-client_things-attributes.swift in Sources */,
				D5A2CD2D1DA7728C00ABAFB0 /* guides_thingifsdk_thingsdk_thing-client_things-push-notification.swift in Sources */,
				D5A2CCE51DA73F8000ABAFB0 /* guides_ios_managing-data_object-storages_creating.swift in Sources */,
				D5A2CD191DA7707100ABAFB0 /* guides_ios_managing-users_social-network-integration_google.swift in Sources */,
				D5A2CCFF1DA76D9100ABAFB0 /* guides_ios_managing-groups_deleting-a-group.swift in Sources */,
				D5A2CCE81DA73F8000ABAFB0 /* guides_ios_managing-data_object-storages_downloading_resume.swift in Sources */,
				D5A2CCF01DA73F8000ABAFB0 /* guides_ios_managing-data_object-storages_updating.swift in Sources */,
				D5A2CCE41DA73F8000ABAFB0 /* guides_ios_managing-data_object-storages_countingobjects.swift in Sources */,
			);
			runOnlyForDeploymentPostprocessing = 0;
		};
/* End PBXSourcesBuildPhase section */

/* Begin PBXVariantGroup section */
		D57772C91DA6657500E549B8 /* Main.storyboard */ = {
			isa = PBXVariantGroup;
			children = (
				D57772CA1DA6657500E549B8 /* Base */,
			);
			name = Main.storyboard;
			sourceTree = "<group>";
		};
		D57772CE1DA6657500E549B8 /* LaunchScreen.storyboard */ = {
			isa = PBXVariantGroup;
			children = (
				D57772CF1DA6657500E549B8 /* Base */,
			);
			name = LaunchScreen.storyboard;
			sourceTree = "<group>";
		};
/* End PBXVariantGroup section */

/* Begin XCBuildConfiguration section */
		D57772D21DA6657500E549B8 /* Debug */ = {
			isa = XCBuildConfiguration;
			buildSettings = {
				ALWAYS_SEARCH_USER_PATHS = NO;
				CLANG_ANALYZER_NONNULL = YES;
				CLANG_CXX_LANGUAGE_STANDARD = "gnu++0x";
				CLANG_CXX_LIBRARY = "libc++";
				CLANG_ENABLE_MODULES = YES;
				CLANG_ENABLE_OBJC_ARC = YES;
				CLANG_WARN_BOOL_CONVERSION = YES;
				CLANG_WARN_CONSTANT_CONVERSION = YES;
				CLANG_WARN_DIRECT_OBJC_ISA_USAGE = YES_ERROR;
				CLANG_WARN_DOCUMENTATION_COMMENTS = YES;
				CLANG_WARN_EMPTY_BODY = YES;
				CLANG_WARN_ENUM_CONVERSION = YES;
				CLANG_WARN_INFINITE_RECURSION = YES;
				CLANG_WARN_INT_CONVERSION = YES;
				CLANG_WARN_OBJC_ROOT_CLASS = YES_ERROR;
				CLANG_WARN_SUSPICIOUS_MOVE = YES;
				CLANG_WARN_SUSPICIOUS_MOVES = YES;
				CLANG_WARN_UNREACHABLE_CODE = YES;
				CLANG_WARN__DUPLICATE_METHOD_MATCH = YES;
				"CODE_SIGN_IDENTITY[sdk=iphoneos*]" = "iPhone Developer";
				COPY_PHASE_STRIP = NO;
				DEBUG_INFORMATION_FORMAT = dwarf;
				ENABLE_STRICT_OBJC_MSGSEND = YES;
				ENABLE_TESTABILITY = YES;
				GCC_C_LANGUAGE_STANDARD = gnu99;
				GCC_DYNAMIC_NO_PIC = NO;
				GCC_NO_COMMON_BLOCKS = YES;
				GCC_OPTIMIZATION_LEVEL = 0;
				GCC_PREPROCESSOR_DEFINITIONS = (
					"DEBUG=1",
					"$(inherited)",
				);
				GCC_WARN_64_TO_32_BIT_CONVERSION = YES;
				GCC_WARN_ABOUT_RETURN_TYPE = YES_ERROR;
				GCC_WARN_UNDECLARED_SELECTOR = YES;
				GCC_WARN_UNINITIALIZED_AUTOS = YES_AGGRESSIVE;
				GCC_WARN_UNUSED_FUNCTION = YES;
				GCC_WARN_UNUSED_VARIABLE = YES;
				IPHONEOS_DEPLOYMENT_TARGET = 10.0;
				MTL_ENABLE_DEBUG_INFO = YES;
				ONLY_ACTIVE_ARCH = YES;
				SDKROOT = iphoneos;
				SWIFT_ACTIVE_COMPILATION_CONDITIONS = DEBUG;
				SWIFT_OPTIMIZATION_LEVEL = "-Onone";
			};
			name = Debug;
		};
		D57772D31DA6657500E549B8 /* Release */ = {
			isa = XCBuildConfiguration;
			buildSettings = {
				ALWAYS_SEARCH_USER_PATHS = NO;
				CLANG_ANALYZER_NONNULL = YES;
				CLANG_CXX_LANGUAGE_STANDARD = "gnu++0x";
				CLANG_CXX_LIBRARY = "libc++";
				CLANG_ENABLE_MODULES = YES;
				CLANG_ENABLE_OBJC_ARC = YES;
				CLANG_WARN_BOOL_CONVERSION = YES;
				CLANG_WARN_CONSTANT_CONVERSION = YES;
				CLANG_WARN_DIRECT_OBJC_ISA_USAGE = YES_ERROR;
				CLANG_WARN_DOCUMENTATION_COMMENTS = YES;
				CLANG_WARN_EMPTY_BODY = YES;
				CLANG_WARN_ENUM_CONVERSION = YES;
				CLANG_WARN_INFINITE_RECURSION = YES;
				CLANG_WARN_INT_CONVERSION = YES;
				CLANG_WARN_OBJC_ROOT_CLASS = YES_ERROR;
				CLANG_WARN_SUSPICIOUS_MOVE = YES;
				CLANG_WARN_SUSPICIOUS_MOVES = YES;
				CLANG_WARN_UNREACHABLE_CODE = YES;
				CLANG_WARN__DUPLICATE_METHOD_MATCH = YES;
				"CODE_SIGN_IDENTITY[sdk=iphoneos*]" = "iPhone Developer";
				COPY_PHASE_STRIP = NO;
				DEBUG_INFORMATION_FORMAT = "dwarf-with-dsym";
				ENABLE_NS_ASSERTIONS = NO;
				ENABLE_STRICT_OBJC_MSGSEND = YES;
				GCC_C_LANGUAGE_STANDARD = gnu99;
				GCC_NO_COMMON_BLOCKS = YES;
				GCC_WARN_64_TO_32_BIT_CONVERSION = YES;
				GCC_WARN_ABOUT_RETURN_TYPE = YES_ERROR;
				GCC_WARN_UNDECLARED_SELECTOR = YES;
				GCC_WARN_UNINITIALIZED_AUTOS = YES_AGGRESSIVE;
				GCC_WARN_UNUSED_FUNCTION = YES;
				GCC_WARN_UNUSED_VARIABLE = YES;
				IPHONEOS_DEPLOYMENT_TARGET = 10.0;
				MTL_ENABLE_DEBUG_INFO = NO;
				SDKROOT = iphoneos;
				SWIFT_OPTIMIZATION_LEVEL = "-Owholemodule";
				VALIDATE_PRODUCT = YES;
			};
			name = Release;
		};
		D57772D51DA6657500E549B8 /* Debug */ = {
			isa = XCBuildConfiguration;
			baseConfigurationReference = EB9AEC88D1791C8D7C50E624 /* Pods-Snippet3.debug.xcconfig */;
			buildSettings = {
				ASSETCATALOG_COMPILER_APPICON_NAME = AppIcon;
				DEVELOPMENT_TEAM = N5QLD3RVE2;
				INFOPLIST_FILE = Snippet3/Info.plist;
				LD_RUNPATH_SEARCH_PATHS = "$(inherited) @executable_path/Frameworks";
				PRODUCT_BUNDLE_IDENTIFIER = com.kii.Snippet3;
				PRODUCT_NAME = "$(TARGET_NAME)";
				SWIFT_OBJC_BRIDGING_HEADER = "Snippet3/Snippet-Bridging-Header.h";
				SWIFT_VERSION = 3.0;
			};
			name = Debug;
		};
		D57772D61DA6657500E549B8 /* Release */ = {
			isa = XCBuildConfiguration;
			baseConfigurationReference = EF57A4B82011B9756C149ABD /* Pods-Snippet3.release.xcconfig */;
			buildSettings = {
				ASSETCATALOG_COMPILER_APPICON_NAME = AppIcon;
				DEVELOPMENT_TEAM = N5QLD3RVE2;
				INFOPLIST_FILE = Snippet3/Info.plist;
				LD_RUNPATH_SEARCH_PATHS = "$(inherited) @executable_path/Frameworks";
				PRODUCT_BUNDLE_IDENTIFIER = com.kii.Snippet3;
				PRODUCT_NAME = "$(TARGET_NAME)";
				SWIFT_OBJC_BRIDGING_HEADER = "Snippet3/Snippet-Bridging-Header.h";
				SWIFT_VERSION = 3.0;
			};
			name = Release;
		};
/* End XCBuildConfiguration section */

/* Begin XCConfigurationList section */
		D57772BD1DA6657500E549B8 /* Build configuration list for PBXProject "Snippet3" */ = {
			isa = XCConfigurationList;
			buildConfigurations = (
				D57772D21DA6657500E549B8 /* Debug */,
				D57772D31DA6657500E549B8 /* Release */,
			);
			defaultConfigurationIsVisible = 0;
			defaultConfigurationName = Release;
		};
		D57772D41DA6657500E549B8 /* Build configuration list for PBXNativeTarget "Snippet3" */ = {
			isa = XCConfigurationList;
			buildConfigurations = (
				D57772D51DA6657500E549B8 /* Debug */,
				D57772D61DA6657500E549B8 /* Release */,
			);
			defaultConfigurationIsVisible = 0;
			defaultConfigurationName = Release;
		};
/* End XCConfigurationList section */
	};
	rootObject = D57772BA1DA6657500E549B8 /* Project object */;
}
